
Microsoft Visual Studio Solution File, Format Version 12.00
# Visual Studio Version 18
VisualStudioVersion = 18.4.11612.150
MinimumVisualStudioVersion = 10.0.40219.1
Project("{FAE04EC0-301F-11D3-BF4B-00C04F79EFBC}") = "HotelBooking", "HotelBooking\HotelBooking.csproj", "{F302785D-F2D1-4A42-AE04-1F5FC8926F37}"
	ProjectSection(ProjectDependencies) = postProject
		{3ADFD57C-4D98-B7FB-EEBF-F5437ECAE071} = {3ADFD57C-4D98-B7FB-EEBF-F5437ECAE071}
		{86BF68D8-B929-4B89-A58D-B425AF2775A0} = {86BF68D8-B929-4B89-A58D-B425AF2775A0}
	EndProjectSection
EndProject
Project("{FAE04EC0-301F-11D3-BF4B-00C04F79EFBC}") = "ezyApi", "ezyApi\ezyApi.csproj", "{BD73A472-AF99-42B8-9683-A5E960EE80E5}"
EndProject
Project("{FAE04EC0-301F-11D3-BF4B-00C04F79EFBC}") = "ezyVoyagorAPI", "ezyvoyagerAPI\ezyVoyagorAPI\ezyVoyagorAPI.csproj", "{44C7E382-0960-47B8-A42C-0469D0DCE987}"
EndProject
Project("{54A90642-561A-4BB1-A94E-469ADEE60C69}") = "ezvappui.client", "ezvApp\ezvAppUI\ezvappui.client\ezvappui.client.esproj", "{3ADFD57C-4D98-B7FB-EEBF-F5437ECAE071}"
EndProject
Project("{FAE04EC0-301F-11D3-BF4B-00C04F79EFBC}") = "ezvAppUI.Server", "ezvApp\ezvAppUI\ezvAppUI.Server\ezvAppUI.Server.csproj", "{86BF68D8-B929-4B89-A58D-B425AF2775A0}"
EndProject
Project("{FAE04EC0-301F-11D3-BF4B-00C04F79EFBC}") = "feedbackApi", "feedbackApi\feedbackApi.csproj", "{068C75C4-1E55-4834-AD31-D1590B5F2E6E}"
EndProject
Global
	GlobalSection(SolutionConfigurationPlatforms) = preSolution
		Debug|Any CPU = Debug|Any CPU
		Release|Any CPU = Release|Any CPU
	EndGlobalSection
	GlobalSection(ProjectConfigurationPlatforms) = postSolution
		{F302785D-F2D1-4A42-AE04-1F5FC8926F37}.Debug|Any CPU.ActiveCfg = Debug|Any CPU
		{F302785D-F2D1-4A42-AE04-1F5FC8926F37}.Debug|Any CPU.Build.0 = Debug|Any CPU
		{F302785D-F2D1-4A42-AE04-1F5FC8926F37}.Release|Any CPU.ActiveCfg = Debug|Any CPU
		{F302785D-F2D1-4A42-AE04-1F5FC8926F37}.Release|Any CPU.Build.0 = Debug|Any CPU
		{BD73A472-AF99-42B8-9683-A5E960EE80E5}.Debug|Any CPU.ActiveCfg = Debug|Any CPU
		{BD73A472-AF99-42B8-9683-A5E960EE80E5}.Debug|Any CPU.Build.0 = Debug|Any CPU
		{BD73A472-AF99-42B8-9683-A5E960EE80E5}.Release|Any CPU.ActiveCfg = Release|Any CPU
		{BD73A472-AF99-42B8-9683-A5E960EE80E5}.Release|Any CPU.Build.0 = Release|Any CPU
		{44C7E382-0960-47B8-A42C-0469D0DCE987}.Debug|Any CPU.ActiveCfg = Debug|Any CPU
		{44C7E382-0960-47B8-A42C-0469D0DCE987}.Debug|Any CPU.Build.0 = Debug|Any CPU
		{44C7E382-0960-47B8-A42C-0469D0DCE987}.Release|Any CPU.ActiveCfg = Release|Any CPU
		{44C7E382-0960-47B8-A42C-0469D0DCE987}.Release|Any CPU.Build.0 = Release|Any CPU
		{3ADFD57C-4D98-B7FB-EEBF-F5437ECAE071}.Debug|Any CPU.ActiveCfg = Debug|Any CPU
		{3ADFD57C-4D98-B7FB-EEBF-F5437ECAE071}.Debug|Any CPU.Build.0 = Debug|Any CPU
		{3ADFD57C-4D98-B7FB-EEBF-F5437ECAE071}.Debug|Any CPU.Deploy.0 = Debug|Any CPU
		{3ADFD57C-4D98-B7FB-EEBF-F5437ECAE071}.Release|Any CPU.ActiveCfg = Release|Any CPU
		{3ADFD57C-4D98-B7FB-EEBF-F5437ECAE071}.Release|Any CPU.Build.0 = Release|Any CPU
		{3ADFD57C-4D98-B7FB-EEBF-F5437ECAE071}.Release|Any CPU.Deploy.0 = Release|Any CPU
		{86BF68D8-B929-4B89-A58D-B425AF2775A0}.Debug|Any CPU.ActiveCfg = Debug|Any CPU
		{86BF68D8-B929-4B89-A58D-B425AF2775A0}.Debug|Any CPU.Build.0 = Debug|Any CPU
		{86BF68D8-B929-4B89-A58D-B425AF2775A0}.Release|Any CPU.ActiveCfg = Release|Any CPU
		{86BF68D8-B929-4B89-A58D-B425AF2775A0}.Release|Any CPU.Build.0 = Release|Any CPU
		{068C75C4-1E55-4834-AD31-D1590B5F2E6E}.Debug|Any CPU.ActiveCfg = Debug|Any CPU
		{068C75C4-1E55-4834-AD31-D1590B5F2E6E}.Debug|Any CPU.Build.0 = Debug|Any CPU
		{068C75C4-1E55-4834-AD31-D1590B5F2E6E}.Release|Any CPU.ActiveCfg = Release|Any CPU
		{068C75C4-1E55-4834-AD31-D1590B5F2E6E}.Release|Any CPU.Build.0 = Release|Any CPU
	EndGlobalSection
	GlobalSection(SolutionProperties) = preSolution
		HideSolutionNode = FALSE
	EndGlobalSection
	GlobalSection(ExtensibilityGlobals) = postSolution
		SolutionGuid = {199424CA-E5CF-4BC1-B963-727EF5CACA7D}
	EndGlobalSection
EndGlobal
